
Microsoft Visual Studio Solution File, Format Version 12.00
# Visual Studio 15
VisualStudioVersion = 15.0.27703.2035
MinimumVisualStudioVersion = 10.0.40219.1
Project("{9A19103F-16F7-4668-BE54-9A1E7A4F7556}") = "Angular-1", "Angular-1\Angular-1.csproj", "{B2E51501-F7EA-4CD6-8EFC-2C5D7A28E41D}"
EndProject
Project("{9A19103F-16F7-4668-BE54-9A1E7A4F7556}") = "FREDApi", "..\..\FREDApi\FREDApi\FREDApi.csproj", "{8DB2BCFF-A5F6-4418-BE1F-B1D36818FBCE}"
EndProject
Global
	GlobalSection(SolutionConfigurationPlatforms) = preSolution
		Debug|Any CPU = Debug|Any CPU
		Release|Any CPU = Release|Any CPU
	EndGlobalSection
	GlobalSection(ProjectConfigurationPlatforms) = postSolution
		{B2E51501-F7EA-4CD6-8EFC-2C5D7A28E41D}.Debug|Any CPU.ActiveCfg = Debug|Any CPU
		{B2E51501-F7EA-4CD6-8EFC-2C5D7A28E41D}.Debug|Any CPU.Build.0 = Debug|Any CPU
		{B2E51501-F7EA-4CD6-8EFC-2C5D7A28E41D}.Release|Any CPU.ActiveCfg = Release|Any CPU
		{B2E51501-F7EA-4CD6-8EFC-2C5D7A28E41D}.Release|Any CPU.Build.0 = Release|Any CPU
		{8DB2BCFF-A5F6-4418-BE1F-B1D36818FBCE}.Debug|Any CPU.ActiveCfg = Debug|Any CPU
		{8DB2BCFF-A5F6-4418-BE1F-B1D36818FBCE}.Debug|Any CPU.Build.0 = Debug|Any CPU
		{8DB2BCFF-A5F6-4418-BE1F-B1D36818FBCE}.Release|Any CPU.ActiveCfg = Release|Any CPU
		{8DB2BCFF-A5F6-4418-BE1F-B1D36818FBCE}.Release|Any CPU.Build.0 = Release|Any CPU
	EndGlobalSection
	GlobalSection(SolutionProperties) = preSolution
		HideSolutionNode = FALSE
	EndGlobalSection
	GlobalSection(ExtensibilityGlobals) = postSolution
		SolutionGuid = {0229FE0E-9F7C-4770-9FD8-F34FC818C4E3}
	EndGlobalSection
EndGlobal
